{
  "name": "primitive-ellipsoid",
  "version": "2.1.0",
  "lockfileVersion": 2,
  "requires": true,
  "packages": {
    "": {
      "name": "primitive-ellipsoid",
      "version": "2.1.0",
      "funding": [
        {
          "type": "individual",
          "url": "https://paypal.me/dmnsgn"
        },
        {
          "type": "individual",
          "url": "https://commerce.coinbase.com/checkout/56cbdf28-e323-48d8-9c98-7019e72c97f3"
        }
      ],
      "license": "MIT",
      "dependencies": {
        "gl-matrix": "^3.4.3"
      },
      "devDependencies": {
        "async-preloader": "^8.0.3",
        "cameras": "^3.1.1",
        "es-module-shims": "^1.10.0",
        "pex-context": "^3.1.1",
        "tweakpane": "^4.0.4"
      },
      "engines": {
        "node": ">=22.0.0",
        "npm": ">=10.5.1",
        "snowdev": ">=2.2.x"
      }
    },
    "node_modules/async-preloader": {
      "version": "8.0.3",
      "resolved": "https://registry.npmjs.org/async-preloader/-/async-preloader-8.0.3.tgz",
      "integrity": "sha512-CJt+C7dWEh3AM3jGZiGoFV30k2uuzrOvpzVRxbb87ibvS+39N5mZsq4zXcY/NpbQUyK8Gkx1kCyd1odPzawipA==",
      "dev": true,
      "funding": [
        {
          "type": "individual",
          "url": "https://paypal.me/dmnsgn"
        },
        {
          "type": "individual",
          "url": "https://commerce.coinbase.com/checkout/56cbdf28-e323-48d8-9c98-7019e72c97f3"
        }
      ],
      "license": "MIT",
      "dependencies": {
        "fontfaceobserver-es": "^3.3.3",
        "tslib": "^2.6.2"
      },
      "engines": {
        "node": ">=20.0.0",
        "npm": ">=9.6.4"
      }
    },
    "node_modules/cameras": {
      "version": "3.1.1",
      "resolved": "https://registry.npmjs.org/cameras/-/cameras-3.1.1.tgz",
      "integrity": "sha512-hm8z4IIMgz8ygz6PGVb9l+29qBuXHahzlw2CNsVKq8i09RnylhsrlLwoCZRuik3vbl0i1w2hJFfS0OBVh1WDNQ==",
      "dev": true,
      "funding": [
        {
          "type": "individual",
          "url": "https://paypal.me/dmnsgn"
        },
        {
          "type": "individual",
          "url": "https://commerce.coinbase.com/checkout/56cbdf28-e323-48d8-9c98-7019e72c97f3"
        }
      ],
      "license": "MIT",
      "dependencies": {
        "clamp": "^1.0.1",
        "gl-matrix": "^3.3.0",
        "normalize-wheel": "^1.0.1"
      },
      "engines": {
        "node": ">=15.0.0",
        "npm": ">=7.0.0"
      }
    },
    "node_modules/clamp": {
      "version": "1.0.1",
      "resolved": "https://registry.npmjs.org/clamp/-/clamp-1.0.1.tgz",
      "integrity": "sha512-kgMuFyE78OC6Dyu3Dy7vcx4uy97EIbVxJB/B0eJ3bUNAkwdNcxYzgKltnyADiYwsR7SEqkkUPsEUT//OVS6XMA==",
      "dev": true,
      "license": "MIT"
    },
    "node_modules/es-module-shims": {
      "version": "1.10.0",
      "resolved": "https://registry.npmjs.org/es-module-shims/-/es-module-shims-1.10.0.tgz",
      "integrity": "sha512-3PmuShQBd9d8pulTFx6L7HKgncnZ1oeSSbrEfnUasb3Tv974BAvyFtW1HLPJSkh5fCaU9JNZbBzPdbxSwg2zqA==",
      "dev": true,
      "license": "MIT"
    },
    "node_modules/fontfaceobserver-es": {
      "version": "3.3.3",
      "resolved": "https://registry.npmjs.org/fontfaceobserver-es/-/fontfaceobserver-es-3.3.3.tgz",
      "integrity": "sha512-1EyweL1ryy0koZWk80Kr0UgWq9KhbOl2cD6x1O8BtFu0gNqCWIXK1lVFSUb37DI5FMn1m86I6X7N1JRBy8wVfw==",
      "dev": true,
      "license": "BSD-3-Clause"
    },
    "node_modules/gl-matrix": {
      "version": "3.4.3",
      "resolved": "https://registry.npmjs.org/gl-matrix/-/gl-matrix-3.4.3.tgz",
      "integrity": "sha512-wcCp8vu8FT22BnvKVPjXa/ICBWRq/zjFfdofZy1WSpQZpphblv12/bOQLBC1rMM7SGOFS9ltVmKOHil5+Ml7gA==",
      "license": "MIT"
    },
    "node_modules/normalize-wheel": {
      "version": "1.0.1",
      "resolved": "https://registry.npmjs.org/normalize-wheel/-/normalize-wheel-1.0.1.tgz",
      "integrity": "sha512-1OnlAPZ3zgrk8B91HyRj+eVv+kS5u+Z0SCsak6Xil/kmgEia50ga7zfkumayonZrImffAxPU/5WcyGhzetHNPA==",
      "dev": true,
      "license": "BSD-3-Clause"
    },
    "node_modules/pex-context": {
      "version": "3.1.1",
      "resolved": "https://registry.npmjs.org/pex-context/-/pex-context-3.1.1.tgz",
      "integrity": "sha512-OywuWZIJSGSyELXmu9T1fDudtoBSkAF2Yae4GtvusFc3TaX6Jc93xMC6wl+VOjUTzSYONa5SxjRjwV6LX7nr6Q==",
      "dev": true,
      "license": "MIT",
      "dependencies": {
        "pex-gl": "^3.0.1"
      },
      "engines": {
        "node": ">=22.0.0",
        "npm": ">=10.5.1",
        "snowdev": "2.0.0-alpha.30"
      }
    },
    "node_modules/pex-gl": {
      "version": "3.0.1",
      "resolved": "https://registry.npmjs.org/pex-gl/-/pex-gl-3.0.1.tgz",
      "integrity": "sha512-RSbWPhWSjBLc+9tkfMeTR+G9rg9ESXHRyK7t2Qa3Nuupo4SDPiVw0RuZkgDfTpu4RiDZV6nBdGof7J/XIqTP2Q==",
      "dev": true,
      "license": "MIT",
      "engines": {
        "node": ">=18.0.0",
        "npm": ">=8.6.0"
      }
    },
    "node_modules/tslib": {
      "version": "2.6.3",
      "resolved": "https://registry.npmjs.org/tslib/-/tslib-2.6.3.tgz",
      "integrity": "sha512-xNvxJEOUiWPGhUuUdQgAJPKOOJfGnIyKySOc09XkKsgdUV/3E2zvwZYdejjmRgPCgcym1juLH3226yA7sEFJKQ==",
      "dev": true,
      "license": "0BSD"
    },
    "node_modules/tweakpane": {
      "version": "4.0.4",
      "resolved": "https://registry.npmjs.org/tweakpane/-/tweakpane-4.0.4.tgz",
      "integrity": "sha512-RkWD54zDlEbnN01wQPk0ANHGbdCvlJx/E8A1QxhTfCbX+ROWos1Ws2MnhOm39aUGMOh+36TjUwpDmLfmwTr1Fg==",
      "dev": true,
      "license": "MIT",
      "funding": {
        "url": "https://github.com/sponsors/cocopon"
      }
    }
  },
  "dependencies": {
    "async-preloader": {
      "version": "8.0.3",
      "resolved": "https://registry.npmjs.org/async-preloader/-/async-preloader-8.0.3.tgz",
      "integrity": "sha512-CJt+C7dWEh3AM3jGZiGoFV30k2uuzrOvpzVRxbb87ibvS+39N5mZsq4zXcY/NpbQUyK8Gkx1kCyd1odPzawipA==",
      "dev": true,
      "requires": {
        "fontfaceobserver-es": "^3.3.3",
        "tslib": "^2.6.2"
      }
    },
    "cameras": {
      "version": "3.1.1",
      "resolved": "https://registry.npmjs.org/cameras/-/cameras-3.1.1.tgz",
      "integrity": "sha512-hm8z4IIMgz8ygz6PGVb9l+29qBuXHahzlw2CNsVKq8i09RnylhsrlLwoCZRuik3vbl0i1w2hJFfS0OBVh1WDNQ==",
      "dev": true,
      "requires": {
        "clamp": "^1.0.1",
        "gl-matrix": "^3.3.0",
        "normalize-wheel": "^1.0.1"
      }
    },
    "clamp": {
      "version": "1.0.1",
      "resolved": "https://registry.npmjs.org/clamp/-/clamp-1.0.1.tgz",
      "integrity": "sha512-kgMuFyE78OC6Dyu3Dy7vcx4uy97EIbVxJB/B0eJ3bUNAkwdNcxYzgKltnyADiYwsR7SEqkkUPsEUT//OVS6XMA==",
      "dev": true
    },
    "es-module-shims": {
      "version": "1.10.0",
      "resolved": "https://registry.npmjs.org/es-module-shims/-/es-module-shims-1.10.0.tgz",
      "integrity": "sha512-3PmuShQBd9d8pulTFx6L7HKgncnZ1oeSSbrEfnUasb3Tv974BAvyFtW1HLPJSkh5fCaU9JNZbBzPdbxSwg2zqA==",
      "dev": true
    },
    "fontfaceobserver-es": {
      "version": "3.3.3",
      "resolved": "https://registry.npmjs.org/fontfaceobserver-es/-/fontfaceobserver-es-3.3.3.tgz",
      "integrity": "sha512-1EyweL1ryy0koZWk80Kr0UgWq9KhbOl2cD6x1O8BtFu0gNqCWIXK1lVFSUb37DI5FMn1m86I6X7N1JRBy8wVfw==",
      "dev": true
    },
    "gl-matrix": {
      "version": "3.4.3",
      "resolved": "https://registry.npmjs.org/gl-matrix/-/gl-matrix-3.4.3.tgz",
      "integrity": "sha512-wcCp8vu8FT22BnvKVPjXa/ICBWRq/zjFfdofZy1WSpQZpphblv12/bOQLBC1rMM7SGOFS9ltVmKOHil5+Ml7gA=="
    },
    "normalize-wheel": {
      "version": "1.0.1",
      "resolved": "https://registry.npmjs.org/normalize-wheel/-/normalize-wheel-1.0.1.tgz",
      "integrity": "sha512-1OnlAPZ3zgrk8B91HyRj+eVv+kS5u+Z0SCsak6Xil/kmgEia50ga7zfkumayonZrImffAxPU/5WcyGhzetHNPA==",
      "dev": true
    },
    "pex-context": {
      "version": "3.1.1",
      "resolved": "https://registry.npmjs.org/pex-context/-/pex-context-3.1.1.tgz",
      "integrity": "sha512-OywuWZIJSGSyELXmu9T1fDudtoBSkAF2Yae4GtvusFc3TaX6Jc93xMC6wl+VOjUTzSYONa5SxjRjwV6LX7nr6Q==",
      "dev": true,
      "requires": {
        "pex-gl": "^3.0.1"
      }
    },
    "pex-gl": {
      "version": "3.0.1",
      "resolved": "https://registry.npmjs.org/pex-gl/-/pex-gl-3.0.1.tgz",
      "integrity": "sha512-RSbWPhWSjBLc+9tkfMeTR+G9rg9ESXHRyK7t2Qa3Nuupo4SDPiVw0RuZkgDfTpu4RiDZV6nBdGof7J/XIqTP2Q==",
      "dev": true
    },
    "tslib": {
      "version": "2.6.3",
      "resolved": "https://registry.npmjs.org/tslib/-/tslib-2.6.3.tgz",
      "integrity": "sha512-xNvxJEOUiWPGhUuUdQgAJPKOOJfGnIyKySOc09XkKsgdUV/3E2zvwZYdejjmRgPCgcym1juLH3226yA7sEFJKQ==",
      "dev": true
    },
    "tweakpane": {
      "version": "4.0.4",
      "resolved": "https://registry.npmjs.org/tweakpane/-/tweakpane-4.0.4.tgz",
      "integrity": "sha512-RkWD54zDlEbnN01wQPk0ANHGbdCvlJx/E8A1QxhTfCbX+ROWos1Ws2MnhOm39aUGMOh+36TjUwpDmLfmwTr1Fg==",
      "dev": true
    }
  }
}
